// !$*UTF8*$!
{
	archiveVersion = 1;
	classes = {
	};
	objectVersion = 55;
	objects = {

/* Begin PBXBuildFile section */
		1287E3C696C489A701235172 /* Pods_FollowersGitHubiOS.framework in Frameworks */ = {isa = PBXBuildFile; fileRef = 7DA1F205D43B3CAF9C3A89E8 /* Pods_FollowersGitHubiOS.framework */; };
		75BA3D80283BE5C6000BEC8E /* AppDelegate.swift in Sources */ = {isa = PBXBuildFile; fileRef = 75BA3D7F283BE5C6000BEC8E /* AppDelegate.swift */; };
		75BA3D82283BE5C6000BEC8E /* SceneDelegate.swift in Sources */ = {isa = PBXBuildFile; fileRef = 75BA3D81283BE5C6000BEC8E /* SceneDelegate.swift */; };
		75BA3D89283BE5C7000BEC8E /* Assets.xcassets in Resources */ = {isa = PBXBuildFile; fileRef = 75BA3D88283BE5C7000BEC8E /* Assets.xcassets */; };
		75BA3D8C283BE5C7000BEC8E /* LaunchScreen.storyboard in Resources */ = {isa = PBXBuildFile; fileRef = 75BA3D8A283BE5C7000BEC8E /* LaunchScreen.storyboard */; };
		75BA3D97283BE5C8000BEC8E /* FollowersGitHubiOSTests.swift in Sources */ = {isa = PBXBuildFile; fileRef = 75BA3D96283BE5C8000BEC8E /* FollowersGitHubiOSTests.swift */; };
		75BA3DB3283BE878000BEC8E /* SearchFollowerViewController.swift in Sources */ = {isa = PBXBuildFile; fileRef = 75BA3DB2283BE878000BEC8E /* SearchFollowerViewController.swift */; };
		75BA3DB5283BE89C000BEC8E /* FavoriteFollowersListViewController.swift in Sources */ = {isa = PBXBuildFile; fileRef = 75BA3DB4283BE89C000BEC8E /* FavoriteFollowersListViewController.swift */; };
		75BA3DB8283BE8D2000BEC8E /* FollowersTabBarController.swift in Sources */ = {isa = PBXBuildFile; fileRef = 75BA3DB7283BE8D2000BEC8E /* FollowersTabBarController.swift */; };
		75BA3DBB283BECE3000BEC8E /* ViewCodable.swift in Sources */ = {isa = PBXBuildFile; fileRef = 75BA3DBA283BECE3000BEC8E /* ViewCodable.swift */; };
		75BA3DBE283BED5E000BEC8E /* UIViewController+Followers.swift in Sources */ = {isa = PBXBuildFile; fileRef = 75BA3DBD283BED5E000BEC8E /* UIViewController+Followers.swift */; };
		75BA3DC0283BEEA9000BEC8E /* App+Injection.swift in Sources */ = {isa = PBXBuildFile; fileRef = 75BA3DBF283BEEA9000BEC8E /* App+Injection.swift */; };
		75BA3DCB283BEF74000BEC8E /* FollowersBodyLabel.swift in Sources */ = {isa = PBXBuildFile; fileRef = 75BA3DCA283BEF74000BEC8E /* FollowersBodyLabel.swift */; };
		75BA3DCD283BF041000BEC8E /* FollowersTitleLabel.swift in Sources */ = {isa = PBXBuildFile; fileRef = 75BA3DCC283BF041000BEC8E /* FollowersTitleLabel.swift */; };
		75BA3DCF283BF127000BEC8E /* FollowersSecondaryTitleLabel.swift in Sources */ = {isa = PBXBuildFile; fileRef = 75BA3DCE283BF127000BEC8E /* FollowersSecondaryTitleLabel.swift */; };
		75BA3DD1283BF1B7000BEC8E /* FollowersAlertViewController.swift in Sources */ = {isa = PBXBuildFile; fileRef = 75BA3DD0283BF1B7000BEC8E /* FollowersAlertViewController.swift */; };
		75BA3DD3283BF1ED000BEC8E /* FollowersAlertContainerView.swift in Sources */ = {isa = PBXBuildFile; fileRef = 75BA3DD2283BF1ED000BEC8E /* FollowersAlertContainerView.swift */; };
		75BA3DD6283BF245000BEC8E /* Follower.swift in Sources */ = {isa = PBXBuildFile; fileRef = 75BA3DD5283BF245000BEC8E /* Follower.swift */; };
		75BA3DD8283BF24A000BEC8E /* User.swift in Sources */ = {isa = PBXBuildFile; fileRef = 75BA3DD7283BF24A000BEC8E /* User.swift */; };
		75BA3DDA283BF308000BEC8E /* FollowersButton.swift in Sources */ = {isa = PBXBuildFile; fileRef = 75BA3DD9283BF308000BEC8E /* FollowersButton.swift */; };
		75BA3DDC283BF639000BEC8E /* FollowersAvatarImageView.swift in Sources */ = {isa = PBXBuildFile; fileRef = 75BA3DDB283BF639000BEC8E /* FollowersAvatarImageView.swift */; };
		75BA3DDE283BF6C2000BEC8E /* AppConstants.swift in Sources */ = {isa = PBXBuildFile; fileRef = 75BA3DDD283BF6C2000BEC8E /* AppConstants.swift */; };
		75BA3DE1283BF782000BEC8E /* NetworkService.swift in Sources */ = {isa = PBXBuildFile; fileRef = 75BA3DE0283BF782000BEC8E /* NetworkService.swift */; };
		75BA3DE3283BF814000BEC8E /* FollowersTextField.swift in Sources */ = {isa = PBXBuildFile; fileRef = 75BA3DE2283BF814000BEC8E /* FollowersTextField.swift */; };
		75BA3DE5283BF864000BEC8E /* FollowersEmptyStateView.swift in Sources */ = {isa = PBXBuildFile; fileRef = 75BA3DE4283BF864000BEC8E /* FollowersEmptyStateView.swift */; };
		75BA3DE7283BFA70000BEC8E /* FollowersInfoItemView.swift in Sources */ = {isa = PBXBuildFile; fileRef = 75BA3DE6283BFA70000BEC8E /* FollowersInfoItemView.swift */; };
		75BA3DE9283BFAEB000BEC8E /* UIView+Followers.swift in Sources */ = {isa = PBXBuildFile; fileRef = 75BA3DE8283BFAEB000BEC8E /* UIView+Followers.swift */; };
		75BA3DEB283BFCC9000BEC8E /* FollowersCollectionViewCell.swift in Sources */ = {isa = PBXBuildFile; fileRef = 75BA3DEA283BFCC9000BEC8E /* FollowersCollectionViewCell.swift */; };
		75BA3DED283BFEA9000BEC8E /* FavoriteFollowersTableViewCell.swift in Sources */ = {isa = PBXBuildFile; fileRef = 75BA3DEC283BFEA9000BEC8E /* FavoriteFollowersTableViewCell.swift */; };
		75BA3DEF283BFFC4000BEC8E /* Date+Followers.swift in Sources */ = {isa = PBXBuildFile; fileRef = 75BA3DEE283BFFC4000BEC8E /* Date+Followers.swift */; };
		75BA3DF1283BFFDB000BEC8E /* UITableView+Followers.swift in Sources */ = {isa = PBXBuildFile; fileRef = 75BA3DF0283BFFDB000BEC8E /* UITableView+Followers.swift */; };
		75BA3DF3283C0296000BEC8E /* FollowersInfoItemViewController.swift in Sources */ = {isa = PBXBuildFile; fileRef = 75BA3DF2283C0296000BEC8E /* FollowersInfoItemViewController.swift */; };
		75BA3DF6283C1894000BEC8E /* FollowersRepositoryItemViewController.swift in Sources */ = {isa = PBXBuildFile; fileRef = 75BA3DF5283C1894000BEC8E /* FollowersRepositoryItemViewController.swift */; };
		75BA3DF8283C1A7A000BEC8E /* FollowerItemViewController.swift in Sources */ = {isa = PBXBuildFile; fileRef = 75BA3DF7283C1A7A000BEC8E /* FollowerItemViewController.swift */; };
		75BA3DFA283C1B73000BEC8E /* FollowerHeaderUserInfoViewController.swift in Sources */ = {isa = PBXBuildFile; fileRef = 75BA3DF9283C1B73000BEC8E /* FollowerHeaderUserInfoViewController.swift */; };
		75BA3DFC283C1D9B000BEC8E /* FollowerLoadingDataViewController.swift in Sources */ = {isa = PBXBuildFile; fileRef = 75BA3DFB283C1D9B000BEC8E /* FollowerLoadingDataViewController.swift */; };
		75BA3DFE283C2120000BEC8E /* FollowersUIHelper.swift in Sources */ = {isa = PBXBuildFile; fileRef = 75BA3DFD283C2120000BEC8E /* FollowersUIHelper.swift */; };
		75BA3E00283C214E000BEC8E /* FollowerErrors.swift in Sources */ = {isa = PBXBuildFile; fileRef = 75BA3DFF283C214E000BEC8E /* FollowerErrors.swift */; };
		7820105F52F504C37732E43D /* Pods_FollowersGitHubiOSTests.framework in Frameworks */ = {isa = PBXBuildFile; fileRef = B159D1E910C8F17E34F1ABCB /* Pods_FollowersGitHubiOSTests.framework */; };
/* End PBXBuildFile section */

/* Begin PBXContainerItemProxy section */
		75BA3D93283BE5C8000BEC8E /* PBXContainerItemProxy */ = {
			isa = PBXContainerItemProxy;
			containerPortal = 75BA3D74283BE5C6000BEC8E /* Project object */;
			proxyType = 1;
			remoteGlobalIDString = 75BA3D7B283BE5C6000BEC8E;
			remoteInfo = FollowersGitHubiOS;
		};
/* End PBXContainerItemProxy section */

/* Begin PBXFileReference section */
		75BA3D7C283BE5C6000BEC8E /* FollowersGitHubiOS.app */ = {isa = PBXFileReference; explicitFileType = wrapper.application; includeInIndex = 0; path = FollowersGitHubiOS.app; sourceTree = BUILT_PRODUCTS_DIR; };
		75BA3D7F283BE5C6000BEC8E /* AppDelegate.swift */ = {isa = PBXFileReference; lastKnownFileType = sourcecode.swift; path = AppDelegate.swift; sourceTree = "<group>"; };
		75BA3D81283BE5C6000BEC8E /* SceneDelegate.swift */ = {isa = PBXFileReference; lastKnownFileType = sourcecode.swift; path = SceneDelegate.swift; sourceTree = "<group>"; };
		75BA3D88283BE5C7000BEC8E /* Assets.xcassets */ = {isa = PBXFileReference; lastKnownFileType = folder.assetcatalog; path = Assets.xcassets; sourceTree = "<group>"; };
		75BA3D8B283BE5C7000BEC8E /* Base */ = {isa = PBXFileReference; lastKnownFileType = file.storyboard; name = Base; path = Base.lproj/LaunchScreen.storyboard; sourceTree = "<group>"; };
		75BA3D8D283BE5C7000BEC8E /* Info.plist */ = {isa = PBXFileReference; lastKnownFileType = text.plist.xml; path = Info.plist; sourceTree = "<group>"; };
		75BA3D92283BE5C8000BEC8E /* FollowersGitHubiOSTests.xctest */ = {isa = PBXFileReference; explicitFileType = wrapper.cfbundle; includeInIndex = 0; path = FollowersGitHubiOSTests.xctest; sourceTree = BUILT_PRODUCTS_DIR; };
		75BA3D96283BE5C8000BEC8E /* FollowersGitHubiOSTests.swift */ = {isa = PBXFileReference; lastKnownFileType = sourcecode.swift; path = FollowersGitHubiOSTests.swift; sourceTree = "<group>"; };
		75BA3DB2283BE878000BEC8E /* SearchFollowerViewController.swift */ = {isa = PBXFileReference; lastKnownFileType = sourcecode.swift; path = SearchFollowerViewController.swift; sourceTree = "<group>"; };
		75BA3DB4283BE89C000BEC8E /* FavoriteFollowersListViewController.swift */ = {isa = PBXFileReference; lastKnownFileType = sourcecode.swift; path = FavoriteFollowersListViewController.swift; sourceTree = "<group>"; };
		75BA3DB7283BE8D2000BEC8E /* FollowersTabBarController.swift */ = {isa = PBXFileReference; lastKnownFileType = sourcecode.swift; path = FollowersTabBarController.swift; sourceTree = "<group>"; };
		75BA3DBA283BECE3000BEC8E /* ViewCodable.swift */ = {isa = PBXFileReference; lastKnownFileType = sourcecode.swift; path = ViewCodable.swift; sourceTree = "<group>"; };
		75BA3DBD283BED5E000BEC8E /* UIViewController+Followers.swift */ = {isa = PBXFileReference; lastKnownFileType = sourcecode.swift; path = "UIViewController+Followers.swift"; sourceTree = "<group>"; };
		75BA3DBF283BEEA9000BEC8E /* App+Injection.swift */ = {isa = PBXFileReference; lastKnownFileType = sourcecode.swift; path = "App+Injection.swift"; sourceTree = "<group>"; };
		75BA3DCA283BEF74000BEC8E /* FollowersBodyLabel.swift */ = {isa = PBXFileReference; lastKnownFileType = sourcecode.swift; path = FollowersBodyLabel.swift; sourceTree = "<group>"; };
		75BA3DCC283BF041000BEC8E /* FollowersTitleLabel.swift */ = {isa = PBXFileReference; lastKnownFileType = sourcecode.swift; path = FollowersTitleLabel.swift; sourceTree = "<group>"; };
		75BA3DCE283BF127000BEC8E /* FollowersSecondaryTitleLabel.swift */ = {isa = PBXFileReference; lastKnownFileType = sourcecode.swift; path = FollowersSecondaryTitleLabel.swift; sourceTree = "<group>"; };
		75BA3DD0283BF1B7000BEC8E /* FollowersAlertViewController.swift */ = {isa = PBXFileReference; lastKnownFileType = sourcecode.swift; path = FollowersAlertViewController.swift; sourceTree = "<group>"; };
		75BA3DD2283BF1ED000BEC8E /* FollowersAlertContainerView.swift */ = {isa = PBXFileReference; lastKnownFileType = sourcecode.swift; path = FollowersAlertContainerView.swift; sourceTree = "<group>"; };
		75BA3DD5283BF245000BEC8E /* Follower.swift */ = {isa = PBXFileReference; lastKnownFileType = sourcecode.swift; path = Follower.swift; sourceTree = "<group>"; };
		75BA3DD7283BF24A000BEC8E /* User.swift */ = {isa = PBXFileReference; lastKnownFileType = sourcecode.swift; path = User.swift; sourceTree = "<group>"; };
		75BA3DD9283BF308000BEC8E /* FollowersButton.swift */ = {isa = PBXFileReference; lastKnownFileType = sourcecode.swift; path = FollowersButton.swift; sourceTree = "<group>"; };
		75BA3DDB283BF639000BEC8E /* FollowersAvatarImageView.swift */ = {isa = PBXFileReference; lastKnownFileType = sourcecode.swift; path = FollowersAvatarImageView.swift; sourceTree = "<group>"; };
		75BA3DDD283BF6C2000BEC8E /* AppConstants.swift */ = {isa = PBXFileReference; lastKnownFileType = sourcecode.swift; path = AppConstants.swift; sourceTree = "<group>"; };
		75BA3DE0283BF782000BEC8E /* NetworkService.swift */ = {isa = PBXFileReference; lastKnownFileType = sourcecode.swift; path = NetworkService.swift; sourceTree = "<group>"; };
		75BA3DE2283BF814000BEC8E /* FollowersTextField.swift */ = {isa = PBXFileReference; lastKnownFileType = sourcecode.swift; path = FollowersTextField.swift; sourceTree = "<group>"; };
		75BA3DE4283BF864000BEC8E /* FollowersEmptyStateView.swift */ = {isa = PBXFileReference; lastKnownFileType = sourcecode.swift; path = FollowersEmptyStateView.swift; sourceTree = "<group>"; };
		75BA3DE6283BFA70000BEC8E /* FollowersInfoItemView.swift */ = {isa = PBXFileReference; lastKnownFileType = sourcecode.swift; path = FollowersInfoItemView.swift; sourceTree = "<group>"; };
		75BA3DE8283BFAEB000BEC8E /* UIView+Followers.swift */ = {isa = PBXFileReference; lastKnownFileType = sourcecode.swift; path = "UIView+Followers.swift"; sourceTree = "<group>"; };
		75BA3DEA283BFCC9000BEC8E /* FollowersCollectionViewCell.swift */ = {isa = PBXFileReference; lastKnownFileType = sourcecode.swift; path = FollowersCollectionViewCell.swift; sourceTree = "<group>"; };
		75BA3DEC283BFEA9000BEC8E /* FavoriteFollowersTableViewCell.swift */ = {isa = PBXFileReference; lastKnownFileType = sourcecode.swift; path = FavoriteFollowersTableViewCell.swift; sourceTree = "<group>"; };
		75BA3DEE283BFFC4000BEC8E /* Date+Followers.swift */ = {isa = PBXFileReference; lastKnownFileType = sourcecode.swift; path = "Date+Followers.swift"; sourceTree = "<group>"; };
		75BA3DF0283BFFDB000BEC8E /* UITableView+Followers.swift */ = {isa = PBXFileReference; lastKnownFileType = sourcecode.swift; path = "UITableView+Followers.swift"; sourceTree = "<group>"; };
		75BA3DF2283C0296000BEC8E /* FollowersInfoItemViewController.swift */ = {isa = PBXFileReference; lastKnownFileType = sourcecode.swift; path = FollowersInfoItemViewController.swift; sourceTree = "<group>"; };
		75BA3DF5283C1894000BEC8E /* FollowersRepositoryItemViewController.swift */ = {isa = PBXFileReference; lastKnownFileType = sourcecode.swift; path = FollowersRepositoryItemViewController.swift; sourceTree = "<group>"; };
		75BA3DF7283C1A7A000BEC8E /* FollowerItemViewController.swift */ = {isa = PBXFileReference; lastKnownFileType = sourcecode.swift; path = FollowerItemViewController.swift; sourceTree = "<group>"; };
		75BA3DF9283C1B73000BEC8E /* FollowerHeaderUserInfoViewController.swift */ = {isa = PBXFileReference; lastKnownFileType = sourcecode.swift; path = FollowerHeaderUserInfoViewController.swift; sourceTree = "<group>"; };
		75BA3DFB283C1D9B000BEC8E /* FollowerLoadingDataViewController.swift */ = {isa = PBXFileReference; lastKnownFileType = sourcecode.swift; path = FollowerLoadingDataViewController.swift; sourceTree = "<group>"; };
		75BA3DFD283C2120000BEC8E /* FollowersUIHelper.swift */ = {isa = PBXFileReference; lastKnownFileType = sourcecode.swift; path = FollowersUIHelper.swift; sourceTree = "<group>"; };
		75BA3DFF283C214E000BEC8E /* FollowerErrors.swift */ = {isa = PBXFileReference; lastKnownFileType = sourcecode.swift; path = FollowerErrors.swift; sourceTree = "<group>"; };
		7DA1F205D43B3CAF9C3A89E8 /* Pods_FollowersGitHubiOS.framework */ = {isa = PBXFileReference; explicitFileType = wrapper.framework; includeInIndex = 0; path = Pods_FollowersGitHubiOS.framework; sourceTree = BUILT_PRODUCTS_DIR; };
		8A106F5F66C898616D33D97B /* Pods-FollowersGitHubiOS.release.xcconfig */ = {isa = PBXFileReference; includeInIndex = 1; lastKnownFileType = text.xcconfig; name = "Pods-FollowersGitHubiOS.release.xcconfig"; path = "Target Support Files/Pods-FollowersGitHubiOS/Pods-FollowersGitHubiOS.release.xcconfig"; sourceTree = "<group>"; };
		8B8651002419EB898DBF0CC9 /* Pods-FollowersGitHubiOSTests.debug.xcconfig */ = {isa = PBXFileReference; includeInIndex = 1; lastKnownFileType = text.xcconfig; name = "Pods-FollowersGitHubiOSTests.debug.xcconfig"; path = "Target Support Files/Pods-FollowersGitHubiOSTests/Pods-FollowersGitHubiOSTests.debug.xcconfig"; sourceTree = "<group>"; };
		96113223C5CC9DF149B0E1E7 /* Pods-FollowersGitHubiOS.debug.xcconfig */ = {isa = PBXFileReference; includeInIndex = 1; lastKnownFileType = text.xcconfig; name = "Pods-FollowersGitHubiOS.debug.xcconfig"; path = "Target Support Files/Pods-FollowersGitHubiOS/Pods-FollowersGitHubiOS.debug.xcconfig"; sourceTree = "<group>"; };
		A65CA737B762D8085FFF4AD4 /* Pods-FollowersGitHubiOSTests.release.xcconfig */ = {isa = PBXFileReference; includeInIndex = 1; lastKnownFileType = text.xcconfig; name = "Pods-FollowersGitHubiOSTests.release.xcconfig"; path = "Target Support Files/Pods-FollowersGitHubiOSTests/Pods-FollowersGitHubiOSTests.release.xcconfig"; sourceTree = "<group>"; };
		B159D1E910C8F17E34F1ABCB /* Pods_FollowersGitHubiOSTests.framework */ = {isa = PBXFileReference; explicitFileType = wrapper.framework; includeInIndex = 0; path = Pods_FollowersGitHubiOSTests.framework; sourceTree = BUILT_PRODUCTS_DIR; };
/* End PBXFileReference section */

/* Begin PBXFrameworksBuildPhase section */
		75BA3D79283BE5C6000BEC8E /* Frameworks */ = {
			isa = PBXFrameworksBuildPhase;
			buildActionMask = 2147483647;
			files = (
				1287E3C696C489A701235172 /* Pods_FollowersGitHubiOS.framework in Frameworks */,
			);
			runOnlyForDeploymentPostprocessing = 0;
		};
		75BA3D8F283BE5C8000BEC8E /* Frameworks */ = {
			isa = PBXFrameworksBuildPhase;
			buildActionMask = 2147483647;
			files = (
				7820105F52F504C37732E43D /* Pods_FollowersGitHubiOSTests.framework in Frameworks */,
			);
			runOnlyForDeploymentPostprocessing = 0;
		};
/* End PBXFrameworksBuildPhase section */

/* Begin PBXGroup section */
		75BA3D73283BE5C6000BEC8E = {
			isa = PBXGroup;
			children = (
				75BA3D7E283BE5C6000BEC8E /* FollowersGitHubiOS */,
				75BA3D95283BE5C8000BEC8E /* FollowersGitHubiOSTests */,
				75BA3D7D283BE5C6000BEC8E /* Products */,
				B2D17B08DFFE115692B08C6C /* Pods */,
				CBC35F0D6E91B93C3B5A0BFB /* Frameworks */,
			);
			sourceTree = "<group>";
		};
		75BA3D7D283BE5C6000BEC8E /* Products */ = {
			isa = PBXGroup;
			children = (
				75BA3D7C283BE5C6000BEC8E /* FollowersGitHubiOS.app */,
				75BA3D92283BE5C8000BEC8E /* FollowersGitHubiOSTests.xctest */,
			);
			name = Products;
			sourceTree = "<group>";
		};
		75BA3D7E283BE5C6000BEC8E /* FollowersGitHubiOS */ = {
			isa = PBXGroup;
			children = (
				75BA3DB9283BECD5000BEC8E /* Utils */,
				75BA3DBC283BED47000BEC8E /* Extensions */,
				75BA3DDF283BF77A000BEC8E /* Services */,
				75BA3DD4283BF230000BEC8E /* Model */,
				75BA3DB1283BE85D000BEC8E /* View */,
				75BA3DB6283BE8AC000BEC8E /* CustomViews */,
				75BA3DB0283BE7F2000BEC8E /* Support */,
			);
			path = FollowersGitHubiOS;
			sourceTree = "<group>";
		};
		75BA3D95283BE5C8000BEC8E /* FollowersGitHubiOSTests */ = {
			isa = PBXGroup;
			children = (
				75BA3D96283BE5C8000BEC8E /* FollowersGitHubiOSTests.swift */,
			);
			path = FollowersGitHubiOSTests;
			sourceTree = "<group>";
		};
		75BA3DB0283BE7F2000BEC8E /* Support */ = {
			isa = PBXGroup;
			children = (
				75BA3D7F283BE5C6000BEC8E /* AppDelegate.swift */,
				75BA3D81283BE5C6000BEC8E /* SceneDelegate.swift */,
				75BA3D88283BE5C7000BEC8E /* Assets.xcassets */,
				75BA3D8A283BE5C7000BEC8E /* LaunchScreen.storyboard */,
				75BA3D8D283BE5C7000BEC8E /* Info.plist */,
			);
			name = Support;
			sourceTree = "<group>";
		};
		75BA3DB1283BE85D000BEC8E /* View */ = {
			isa = PBXGroup;
			children = (
				75BA3DB2283BE878000BEC8E /* SearchFollowerViewController.swift */,
				75BA3DB4283BE89C000BEC8E /* FavoriteFollowersListViewController.swift */,
			);
			path = View;
			sourceTree = "<group>";
		};
		75BA3DB6283BE8AC000BEC8E /* CustomViews */ = {
			isa = PBXGroup;
			children = (
				75BA3DC1283BEF04000BEC8E /* TabBarControllers */,
				75BA3DC2283BEF19000BEC8E /* Labels */,
				75BA3DC9283BEF45000BEC8E /* ViewControllers */,
				75BA3DC8283BEF3F000BEC8E /* ImageViews */,
				75BA3DC7283BEF38000BEC8E /* TextFields */,
				75BA3DC6283BEF35000BEC8E /* Buttons */,
				75BA3DC5283BEF2E000BEC8E /* Views */,
				75BA3DC3283BEF27000BEC8E /* Cells */,
			);
			path = CustomViews;
			sourceTree = "<group>";
		};
		75BA3DB9283BECD5000BEC8E /* Utils */ = {
			isa = PBXGroup;
			children = (
				75BA3DBA283BECE3000BEC8E /* ViewCodable.swift */,
				75BA3DBF283BEEA9000BEC8E /* App+Injection.swift */,
				75BA3DDD283BF6C2000BEC8E /* AppConstants.swift */,
				75BA3DFD283C2120000BEC8E /* FollowersUIHelper.swift */,
				75BA3DFF283C214E000BEC8E /* FollowerErrors.swift */,
			);
			path = Utils;
			sourceTree = "<group>";
		};
		75BA3DBC283BED47000BEC8E /* Extensions */ = {
			isa = PBXGroup;
			children = (
				75BA3DBD283BED5E000BEC8E /* UIViewController+Followers.swift */,
				75BA3DE8283BFAEB000BEC8E /* UIView+Followers.swift */,
				75BA3DEE283BFFC4000BEC8E /* Date+Followers.swift */,
				75BA3DF0283BFFDB000BEC8E /* UITableView+Followers.swift */,
			);
			path = Extensions;
			sourceTree = "<group>";
		};
		75BA3DC1283BEF04000BEC8E /* TabBarControllers */ = {
			isa = PBXGroup;
			children = (
				75BA3DB7283BE8D2000BEC8E /* FollowersTabBarController.swift */,
			);
			path = TabBarControllers;
			sourceTree = "<group>";
		};
		75BA3DC2283BEF19000BEC8E /* Labels */ = {
			isa = PBXGroup;
			children = (
				75BA3DCA283BEF74000BEC8E /* FollowersBodyLabel.swift */,
				75BA3DCC283BF041000BEC8E /* FollowersTitleLabel.swift */,
				75BA3DCE283BF127000BEC8E /* FollowersSecondaryTitleLabel.swift */,
			);
			path = Labels;
			sourceTree = "<group>";
		};
		75BA3DC3283BEF27000BEC8E /* Cells */ = {
			isa = PBXGroup;
			children = (
				75BA3DEA283BFCC9000BEC8E /* FollowersCollectionViewCell.swift */,
				75BA3DEC283BFEA9000BEC8E /* FavoriteFollowersTableViewCell.swift */,
			);
			path = Cells;
			sourceTree = "<group>";
		};
		75BA3DC5283BEF2E000BEC8E /* Views */ = {
			isa = PBXGroup;
			children = (
				75BA3DD2283BF1ED000BEC8E /* FollowersAlertContainerView.swift */,
				75BA3DE4283BF864000BEC8E /* FollowersEmptyStateView.swift */,
				75BA3DE6283BFA70000BEC8E /* FollowersInfoItemView.swift */,
			);
			path = Views;
			sourceTree = "<group>";
		};
		75BA3DC6283BEF35000BEC8E /* Buttons */ = {
			isa = PBXGroup;
			children = (
				75BA3DD9283BF308000BEC8E /* FollowersButton.swift */,
			);
			path = Buttons;
			sourceTree = "<group>";
		};
		75BA3DC7283BEF38000BEC8E /* TextFields */ = {
			isa = PBXGroup;
			children = (
				75BA3DE2283BF814000BEC8E /* FollowersTextField.swift */,
			);
			path = TextFields;
			sourceTree = "<group>";
		};
		75BA3DC8283BEF3F000BEC8E /* ImageViews */ = {
			isa = PBXGroup;
			children = (
				75BA3DDB283BF639000BEC8E /* FollowersAvatarImageView.swift */,
			);
			path = ImageViews;
			sourceTree = "<group>";
		};
		75BA3DC9283BEF45000BEC8E /* ViewControllers */ = {
			isa = PBXGroup;
			children = (
				75BA3DF4283C05D9000BEC8E /* InfoItemViewControllers */,
				75BA3DD0283BF1B7000BEC8E /* FollowersAlertViewController.swift */,
				75BA3DF9283C1B73000BEC8E /* FollowerHeaderUserInfoViewController.swift */,
				75BA3DFB283C1D9B000BEC8E /* FollowerLoadingDataViewController.swift */,
			);
			path = ViewControllers;
			sourceTree = "<group>";
		};
		75BA3DD4283BF230000BEC8E /* Model */ = {
			isa = PBXGroup;
			children = (
				75BA3DD5283BF245000BEC8E /* Follower.swift */,
				75BA3DD7283BF24A000BEC8E /* User.swift */,
			);
			path = Model;
			sourceTree = "<group>";
		};
		75BA3DDF283BF77A000BEC8E /* Services */ = {
			isa = PBXGroup;
			children = (
				75BA3DE0283BF782000BEC8E /* NetworkService.swift */,
			);
			path = Services;
			sourceTree = "<group>";
		};
		75BA3DF4283C05D9000BEC8E /* InfoItemViewControllers */ = {
			isa = PBXGroup;
			children = (
				75BA3DF2283C0296000BEC8E /* FollowersInfoItemViewController.swift */,
				75BA3DF5283C1894000BEC8E /* FollowersRepositoryItemViewController.swift */,
				75BA3DF7283C1A7A000BEC8E /* FollowerItemViewController.swift */,
			);
			path = InfoItemViewControllers;
			sourceTree = "<group>";
		};
		B2D17B08DFFE115692B08C6C /* Pods */ = {
			isa = PBXGroup;
			children = (
				96113223C5CC9DF149B0E1E7 /* Pods-FollowersGitHubiOS.debug.xcconfig */,
				8A106F5F66C898616D33D97B /* Pods-FollowersGitHubiOS.release.xcconfig */,
				8B8651002419EB898DBF0CC9 /* Pods-FollowersGitHubiOSTests.debug.xcconfig */,
				A65CA737B762D8085FFF4AD4 /* Pods-FollowersGitHubiOSTests.release.xcconfig */,
			);
			path = Pods;
			sourceTree = "<group>";
		};
		CBC35F0D6E91B93C3B5A0BFB /* Frameworks */ = {
			isa = PBXGroup;
			children = (
				7DA1F205D43B3CAF9C3A89E8 /* Pods_FollowersGitHubiOS.framework */,
				B159D1E910C8F17E34F1ABCB /* Pods_FollowersGitHubiOSTests.framework */,
			);
			name = Frameworks;
			sourceTree = "<group>";
		};
/* End PBXGroup section */

/* Begin PBXNativeTarget section */
		75BA3D7B283BE5C6000BEC8E /* FollowersGitHubiOS */ = {
			isa = PBXNativeTarget;
			buildConfigurationList = 75BA3DA6283BE5C8000BEC8E /* Build configuration list for PBXNativeTarget "FollowersGitHubiOS" */;
			buildPhases = (
				F6F75C4690F56BB0941CB4D5 /* [CP] Check Pods Manifest.lock */,
				75BA3D78283BE5C6000BEC8E /* Sources */,
				75BA3D79283BE5C6000BEC8E /* Frameworks */,
				75BA3D7A283BE5C6000BEC8E /* Resources */,
				B8E8AD68FADA64516011C1BD /* [CP] Embed Pods Frameworks */,
				75BA3DAF283BE71C000BEC8E /* ShellScript */,
			);
			buildRules = (
			);
			dependencies = (
			);
			name = FollowersGitHubiOS;
			productName = FollowersGitHubiOS;
			productReference = 75BA3D7C283BE5C6000BEC8E /* FollowersGitHubiOS.app */;
			productType = "com.apple.product-type.application";
		};
		75BA3D91283BE5C8000BEC8E /* FollowersGitHubiOSTests */ = {
			isa = PBXNativeTarget;
			buildConfigurationList = 75BA3DA9283BE5C8000BEC8E /* Build configuration list for PBXNativeTarget "FollowersGitHubiOSTests" */;
			buildPhases = (
				ED2BAEEA63B0BEDDD7AFE53C /* [CP] Check Pods Manifest.lock */,
				75BA3D8E283BE5C8000BEC8E /* Sources */,
				75BA3D8F283BE5C8000BEC8E /* Frameworks */,
				75BA3D90283BE5C8000BEC8E /* Resources */,
			);
			buildRules = (
			);
			dependencies = (
				75BA3D94283BE5C8000BEC8E /* PBXTargetDependency */,
			);
			name = FollowersGitHubiOSTests;
			productName = FollowersGitHubiOSTests;
			productReference = 75BA3D92283BE5C8000BEC8E /* FollowersGitHubiOSTests.xctest */;
			productType = "com.apple.product-type.bundle.unit-test";
		};
/* End PBXNativeTarget section */

/* Begin PBXProject section */
		75BA3D74283BE5C6000BEC8E /* Project object */ = {
			isa = PBXProject;
			attributes = {
				BuildIndependentTargetsInParallel = 1;
				LastSwiftUpdateCheck = 1320;
				LastUpgradeCheck = 1320;
				TargetAttributes = {
					75BA3D7B283BE5C6000BEC8E = {
						CreatedOnToolsVersion = 13.2.1;
					};
					75BA3D91283BE5C8000BEC8E = {
						CreatedOnToolsVersion = 13.2.1;
						TestTargetID = 75BA3D7B283BE5C6000BEC8E;
					};
				};
			};
			buildConfigurationList = 75BA3D77283BE5C6000BEC8E /* Build configuration list for PBXProject "FollowersGitHubiOS" */;
			compatibilityVersion = "Xcode 13.0";
			developmentRegion = en;
			hasScannedForEncodings = 0;
			knownRegions = (
				en,
				Base,
			);
			mainGroup = 75BA3D73283BE5C6000BEC8E;
			productRefGroup = 75BA3D7D283BE5C6000BEC8E /* Products */;
			projectDirPath = "";
			projectRoot = "";
			targets = (
				75BA3D7B283BE5C6000BEC8E /* FollowersGitHubiOS */,
				75BA3D91283BE5C8000BEC8E /* FollowersGitHubiOSTests */,
			);
		};
/* End PBXProject section */

/* Begin PBXResourcesBuildPhase section */
		75BA3D7A283BE5C6000BEC8E /* Resources */ = {
			isa = PBXResourcesBuildPhase;
			buildActionMask = 2147483647;
			files = (
				75BA3D8C283BE5C7000BEC8E /* LaunchScreen.storyboard in Resources */,
				75BA3D89283BE5C7000BEC8E /* Assets.xcassets in Resources */,
			);
			runOnlyForDeploymentPostprocessing = 0;
		};
		75BA3D90283BE5C8000BEC8E /* Resources */ = {
			isa = PBXResourcesBuildPhase;
			buildActionMask = 2147483647;
			files = (
			);
			runOnlyForDeploymentPostprocessing = 0;
		};
/* End PBXResourcesBuildPhase section */

/* Begin PBXShellScriptBuildPhase section */
		75BA3DAF283BE71C000BEC8E /* ShellScript */ = {
			isa = PBXShellScriptBuildPhase;
			buildActionMask = 2147483647;
			files = (
			);
			inputFileListPaths = (
			);
			inputPaths = (
			);
			outputFileListPaths = (
			);
			outputPaths = (
			);
			runOnlyForDeploymentPostprocessing = 0;
			shellPath = /bin/sh;
			shellScript = "# Type a script or drag a script file from your workspace to insert its path.\n\"${PODS_ROOT}/SwiftLint/swiftlint\"\n";
		};
		B8E8AD68FADA64516011C1BD /* [CP] Embed Pods Frameworks */ = {
			isa = PBXShellScriptBuildPhase;
			buildActionMask = 2147483647;
			files = (
			);
			inputFileListPaths = (
				"${PODS_ROOT}/Target Support Files/Pods-FollowersGitHubiOS/Pods-FollowersGitHubiOS-frameworks-${CONFIGURATION}-input-files.xcfilelist",
			);
			name = "[CP] Embed Pods Frameworks";
			outputFileListPaths = (
				"${PODS_ROOT}/Target Support Files/Pods-FollowersGitHubiOS/Pods-FollowersGitHubiOS-frameworks-${CONFIGURATION}-output-files.xcfilelist",
			);
			runOnlyForDeploymentPostprocessing = 0;
			shellPath = /bin/sh;
			shellScript = "\"${PODS_ROOT}/Target Support Files/Pods-FollowersGitHubiOS/Pods-FollowersGitHubiOS-frameworks.sh\"\n";
			showEnvVarsInLog = 0;
		};
		ED2BAEEA63B0BEDDD7AFE53C /* [CP] Check Pods Manifest.lock */ = {
			isa = PBXShellScriptBuildPhase;
			buildActionMask = 2147483647;
			files = (
			);
			inputFileListPaths = (
			);
			inputPaths = (
				"${PODS_PODFILE_DIR_PATH}/Podfile.lock",
				"${PODS_ROOT}/Manifest.lock",
			);
			name = "[CP] Check Pods Manifest.lock";
			outputFileListPaths = (
			);
			outputPaths = (
				"$(DERIVED_FILE_DIR)/Pods-FollowersGitHubiOSTests-checkManifestLockResult.txt",
			);
			runOnlyForDeploymentPostprocessing = 0;
			shellPath = /bin/sh;
			shellScript = "diff \"${PODS_PODFILE_DIR_PATH}/Podfile.lock\" \"${PODS_ROOT}/Manifest.lock\" > /dev/null\nif [ $? != 0 ] ; then\n    # print error to STDERR\n    echo \"error: The sandbox is not in sync with the Podfile.lock. Run 'pod install' or update your CocoaPods installation.\" >&2\n    exit 1\nfi\n# This output is used by Xcode 'outputs' to avoid re-running this script phase.\necho \"SUCCESS\" > \"${SCRIPT_OUTPUT_FILE_0}\"\n";
			showEnvVarsInLog = 0;
		};
		F6F75C4690F56BB0941CB4D5 /* [CP] Check Pods Manifest.lock */ = {
			isa = PBXShellScriptBuildPhase;
			buildActionMask = 2147483647;
			files = (
			);
			inputFileListPaths = (
			);
			inputPaths = (
				"${PODS_PODFILE_DIR_PATH}/Podfile.lock",
				"${PODS_ROOT}/Manifest.lock",
			);
			name = "[CP] Check Pods Manifest.lock";
			outputFileListPaths = (
			);
			outputPaths = (
				"$(DERIVED_FILE_DIR)/Pods-FollowersGitHubiOS-checkManifestLockResult.txt",
			);
			runOnlyForDeploymentPostprocessing = 0;
			shellPath = /bin/sh;
			shellScript = "diff \"${PODS_PODFILE_DIR_PATH}/Podfile.lock\" \"${PODS_ROOT}/Manifest.lock\" > /dev/null\nif [ $? != 0 ] ; then\n    # print error to STDERR\n    echo \"error: The sandbox is not in sync with the Podfile.lock. Run 'pod install' or update your CocoaPods installation.\" >&2\n    exit 1\nfi\n# This output is used by Xcode 'outputs' to avoid re-running this script phase.\necho \"SUCCESS\" > \"${SCRIPT_OUTPUT_FILE_0}\"\n";
			showEnvVarsInLog = 0;
		};
/* End PBXShellScriptBuildPhase section */

/* Begin PBXSourcesBuildPhase section */
		75BA3D78283BE5C6000BEC8E /* Sources */ = {
			isa = PBXSourcesBuildPhase;
			buildActionMask = 2147483647;
			files = (
				75BA3DEB283BFCC9000BEC8E /* FollowersCollectionViewCell.swift in Sources */,
				75BA3DD3283BF1ED000BEC8E /* FollowersAlertContainerView.swift in Sources */,
				75BA3DF8283C1A7A000BEC8E /* FollowerItemViewController.swift in Sources */,
				75BA3DFC283C1D9B000BEC8E /* FollowerLoadingDataViewController.swift in Sources */,
				75BA3DE3283BF814000BEC8E /* FollowersTextField.swift in Sources */,
				75BA3DFA283C1B73000BEC8E /* FollowerHeaderUserInfoViewController.swift in Sources */,
				75BA3DDE283BF6C2000BEC8E /* AppConstants.swift in Sources */,
				75BA3DD6283BF245000BEC8E /* Follower.swift in Sources */,
				75BA3DB5283BE89C000BEC8E /* FavoriteFollowersListViewController.swift in Sources */,
				75BA3DD1283BF1B7000BEC8E /* FollowersAlertViewController.swift in Sources */,
				75BA3DCD283BF041000BEC8E /* FollowersTitleLabel.swift in Sources */,
				75BA3DB8283BE8D2000BEC8E /* FollowersTabBarController.swift in Sources */,
				75BA3DF6283C1894000BEC8E /* FollowersRepositoryItemViewController.swift in Sources */,
				75BA3DEF283BFFC4000BEC8E /* Date+Followers.swift in Sources */,
				75BA3DE9283BFAEB000BEC8E /* UIView+Followers.swift in Sources */,
				75BA3DF3283C0296000BEC8E /* FollowersInfoItemViewController.swift in Sources */,
				75BA3DED283BFEA9000BEC8E /* FavoriteFollowersTableViewCell.swift in Sources */,
				75BA3D80283BE5C6000BEC8E /* AppDelegate.swift in Sources */,
				75BA3DB3283BE878000BEC8E /* SearchFollowerViewController.swift in Sources */,
				75BA3DD8283BF24A000BEC8E /* User.swift in Sources */,
				75BA3E00283C214E000BEC8E /* FollowerErrors.swift in Sources */,
				75BA3DDC283BF639000BEC8E /* FollowersAvatarImageView.swift in Sources */,
				75BA3DDA283BF308000BEC8E /* FollowersButton.swift in Sources */,
				75BA3DCF283BF127000BEC8E /* FollowersSecondaryTitleLabel.swift in Sources */,
				75BA3DE5283BF864000BEC8E /* FollowersEmptyStateView.swift in Sources */,
				75BA3DFE283C2120000BEC8E /* FollowersUIHelper.swift in Sources */,
				75BA3D82283BE5C6000BEC8E /* SceneDelegate.swift in Sources */,
				75BA3DF1283BFFDB000BEC8E /* UITableView+Followers.swift in Sources */,
				75BA3DC0283BEEA9000BEC8E /* App+Injection.swift in Sources */,
				75BA3DE1283BF782000BEC8E /* NetworkService.swift in Sources */,
				75BA3DBE283BED5E000BEC8E /* UIViewController+Followers.swift in Sources */,
				75BA3DE7283BFA70000BEC8E /* FollowersInfoItemView.swift in Sources */,
				75BA3DBB283BECE3000BEC8E /* ViewCodable.swift in Sources */,
				75BA3DCB283BEF74000BEC8E /* FollowersBodyLabel.swift in Sources */,
			);
			runOnlyForDeploymentPostprocessing = 0;
		};
		75BA3D8E283BE5C8000BEC8E /* Sources */ = {
			isa = PBXSourcesBuildPhase;
			buildActionMask = 2147483647;
			files = (
				75BA3D97283BE5C8000BEC8E /* FollowersGitHubiOSTests.swift in Sources */,
			);
			runOnlyForDeploymentPostprocessing = 0;
		};
/* End PBXSourcesBuildPhase section */

/* Begin PBXTargetDependency section */
		75BA3D94283BE5C8000BEC8E /* PBXTargetDependency */ = {
			isa = PBXTargetDependency;
			target = 75BA3D7B283BE5C6000BEC8E /* FollowersGitHubiOS */;
			targetProxy = 75BA3D93283BE5C8000BEC8E /* PBXContainerItemProxy */;
		};
/* End PBXTargetDependency section */

/* Begin PBXVariantGroup section */
		75BA3D8A283BE5C7000BEC8E /* LaunchScreen.storyboard */ = {
			isa = PBXVariantGroup;
			children = (
				75BA3D8B283BE5C7000BEC8E /* Base */,
			);
			name = LaunchScreen.storyboard;
			sourceTree = "<group>";
		};
/* End PBXVariantGroup section */

/* Begin XCBuildConfiguration section */
		75BA3DA4283BE5C8000BEC8E /* Debug */ = {
			isa = XCBuildConfiguration;
			buildSettings = {
				ALWAYS_SEARCH_USER_PATHS = NO;
				CLANG_ANALYZER_NONNULL = YES;
				CLANG_ANALYZER_NUMBER_OBJECT_CONVERSION = YES_AGGRESSIVE;
				CLANG_CXX_LANGUAGE_STANDARD = "gnu++17";
				CLANG_CXX_LIBRARY = "libc++";
				CLANG_ENABLE_MODULES = YES;
				CLANG_ENABLE_OBJC_ARC = YES;
				CLANG_ENABLE_OBJC_WEAK = YES;
				CLANG_WARN_BLOCK_CAPTURE_AUTORELEASING = YES;
				CLANG_WARN_BOOL_CONVERSION = YES;
				CLANG_WARN_COMMA = YES;
				CLANG_WARN_CONSTANT_CONVERSION = YES;
				CLANG_WARN_DEPRECATED_OBJC_IMPLEMENTATIONS = YES;
				CLANG_WARN_DIRECT_OBJC_ISA_USAGE = YES_ERROR;
				CLANG_WARN_DOCUMENTATION_COMMENTS = YES;
				CLANG_WARN_EMPTY_BODY = YES;
				CLANG_WARN_ENUM_CONVERSION = YES;
				CLANG_WARN_INFINITE_RECURSION = YES;
				CLANG_WARN_INT_CONVERSION = YES;
				CLANG_WARN_NON_LITERAL_NULL_CONVERSION = YES;
				CLANG_WARN_OBJC_IMPLICIT_RETAIN_SELF = YES;
				CLANG_WARN_OBJC_LITERAL_CONVERSION = YES;
				CLANG_WARN_OBJC_ROOT_CLASS = YES_ERROR;
				CLANG_WARN_QUOTED_INCLUDE_IN_FRAMEWORK_HEADER = YES;
				CLANG_WARN_RANGE_LOOP_ANALYSIS = YES;
				CLANG_WARN_STRICT_PROTOTYPES = YES;
				CLANG_WARN_SUSPICIOUS_MOVE = YES;
				CLANG_WARN_UNGUARDED_AVAILABILITY = YES_AGGRESSIVE;
				CLANG_WARN_UNREACHABLE_CODE = YES;
				CLANG_WARN__DUPLICATE_METHOD_MATCH = YES;
				COPY_PHASE_STRIP = NO;
				DEBUG_INFORMATION_FORMAT = dwarf;
				ENABLE_STRICT_OBJC_MSGSEND = YES;
				ENABLE_TESTABILITY = YES;
				GCC_C_LANGUAGE_STANDARD = gnu11;
				GCC_DYNAMIC_NO_PIC = NO;
				GCC_NO_COMMON_BLOCKS = YES;
				GCC_OPTIMIZATION_LEVEL = 0;
				GCC_PREPROCESSOR_DEFINITIONS = (
					"DEBUG=1",
					"$(inherited)",
				);
				GCC_WARN_64_TO_32_BIT_CONVERSION = YES;
				GCC_WARN_ABOUT_RETURN_TYPE = YES_ERROR;
				GCC_WARN_UNDECLARED_SELECTOR = YES;
				GCC_WARN_UNINITIALIZED_AUTOS = YES_AGGRESSIVE;
				GCC_WARN_UNUSED_FUNCTION = YES;
				GCC_WARN_UNUSED_VARIABLE = YES;
				IPHONEOS_DEPLOYMENT_TARGET = 15.2;
				MTL_ENABLE_DEBUG_INFO = INCLUDE_SOURCE;
				MTL_FAST_MATH = YES;
				ONLY_ACTIVE_ARCH = YES;
				SDKROOT = iphoneos;
				SWIFT_ACTIVE_COMPILATION_CONDITIONS = DEBUG;
				SWIFT_OPTIMIZATION_LEVEL = "-Onone";
			};
			name = Debug;
		};
		75BA3DA5283BE5C8000BEC8E /* Release */ = {
			isa = XCBuildConfiguration;
			buildSettings = {
				ALWAYS_SEARCH_USER_PATHS = NO;
				CLANG_ANALYZER_NONNULL = YES;
				CLANG_ANALYZER_NUMBER_OBJECT_CONVERSION = YES_AGGRESSIVE;
				CLANG_CXX_LANGUAGE_STANDARD = "gnu++17";
				CLANG_CXX_LIBRARY = "libc++";
				CLANG_ENABLE_MODULES = YES;
				CLANG_ENABLE_OBJC_ARC = YES;
				CLANG_ENABLE_OBJC_WEAK = YES;
				CLANG_WARN_BLOCK_CAPTURE_AUTORELEASING = YES;
				CLANG_WARN_BOOL_CONVERSION = YES;
				CLANG_WARN_COMMA = YES;
				CLANG_WARN_CONSTANT_CONVERSION = YES;
				CLANG_WARN_DEPRECATED_OBJC_IMPLEMENTATIONS = YES;
				CLANG_WARN_DIRECT_OBJC_ISA_USAGE = YES_ERROR;
				CLANG_WARN_DOCUMENTATION_COMMENTS = YES;
				CLANG_WARN_EMPTY_BODY = YES;
				CLANG_WARN_ENUM_CONVERSION = YES;
				CLANG_WARN_INFINITE_RECURSION = YES;
				CLANG_WARN_INT_CONVERSION = YES;
				CLANG_WARN_NON_LITERAL_NULL_CONVERSION = YES;
				CLANG_WARN_OBJC_IMPLICIT_RETAIN_SELF = YES;
				CLANG_WARN_OBJC_LITERAL_CONVERSION = YES;
				CLANG_WARN_OBJC_ROOT_CLASS = YES_ERROR;
				CLANG_WARN_QUOTED_INCLUDE_IN_FRAMEWORK_HEADER = YES;
				CLANG_WARN_RANGE_LOOP_ANALYSIS = YES;
				CLANG_WARN_STRICT_PROTOTYPES = YES;
				CLANG_WARN_SUSPICIOUS_MOVE = YES;
				CLANG_WARN_UNGUARDED_AVAILABILITY = YES_AGGRESSIVE;
				CLANG_WARN_UNREACHABLE_CODE = YES;
				CLANG_WARN__DUPLICATE_METHOD_MATCH = YES;
				COPY_PHASE_STRIP = NO;
				DEBUG_INFORMATION_FORMAT = "dwarf-with-dsym";
				ENABLE_NS_ASSERTIONS = NO;
				ENABLE_STRICT_OBJC_MSGSEND = YES;
				GCC_C_LANGUAGE_STANDARD = gnu11;
				GCC_NO_COMMON_BLOCKS = YES;
				GCC_WARN_64_TO_32_BIT_CONVERSION = YES;
				GCC_WARN_ABOUT_RETURN_TYPE = YES_ERROR;
				GCC_WARN_UNDECLARED_SELECTOR = YES;
				GCC_WARN_UNINITIALIZED_AUTOS = YES_AGGRESSIVE;
				GCC_WARN_UNUSED_FUNCTION = YES;
				GCC_WARN_UNUSED_VARIABLE = YES;
				IPHONEOS_DEPLOYMENT_TARGET = 15.2;
				MTL_ENABLE_DEBUG_INFO = NO;
				MTL_FAST_MATH = YES;
				SDKROOT = iphoneos;
				SWIFT_COMPILATION_MODE = wholemodule;
				SWIFT_OPTIMIZATION_LEVEL = "-O";
				VALIDATE_PRODUCT = YES;
			};
			name = Release;
		};
		75BA3DA7283BE5C8000BEC8E /* Debug */ = {
			isa = XCBuildConfiguration;
			baseConfigurationReference = 96113223C5CC9DF149B0E1E7 /* Pods-FollowersGitHubiOS.debug.xcconfig */;
			buildSettings = {
				ASSETCATALOG_COMPILER_APPICON_NAME = AppIcon;
				ASSETCATALOG_COMPILER_GLOBAL_ACCENT_COLOR_NAME = AccentColor;
				CODE_SIGN_STYLE = Automatic;
				CURRENT_PROJECT_VERSION = 1;
				DEVELOPMENT_TEAM = X83DNU4CLM;
				GENERATE_INFOPLIST_FILE = YES;
				INFOPLIST_FILE = FollowersGitHubiOS/Info.plist;
				INFOPLIST_KEY_UIApplicationSupportsIndirectInputEvents = YES;
				INFOPLIST_KEY_UILaunchStoryboardName = LaunchScreen;
				INFOPLIST_KEY_UISupportedInterfaceOrientations_iPad = "UIInterfaceOrientationPortrait UIInterfaceOrientationPortraitUpsideDown UIInterfaceOrientationLandscapeLeft UIInterfaceOrientationLandscapeRight";
				INFOPLIST_KEY_UISupportedInterfaceOrientations_iPhone = "UIInterfaceOrientationPortrait UIInterfaceOrientationLandscapeLeft UIInterfaceOrientationLandscapeRight";
				LD_RUNPATH_SEARCH_PATHS = (
					"$(inherited)",
					"@executable_path/Frameworks",
				);
				MARKETING_VERSION = 1.0;
				PRODUCT_BUNDLE_IDENTIFIER = com.thiagosantos.FollowersGitHubiOS;
				PRODUCT_NAME = "$(TARGET_NAME)";
				SWIFT_EMIT_LOC_STRINGS = YES;
				SWIFT_VERSION = 5.0;
				TARGETED_DEVICE_FAMILY = 1;
			};
			name = Debug;
		};
		75BA3DA8283BE5C8000BEC8E /* Release */ = {
			isa = XCBuildConfiguration;
			baseConfigurationReference = 8A106F5F66C898616D33D97B /* Pods-FollowersGitHubiOS.release.xcconfig */;
			buildSettings = {
				ASSETCATALOG_COMPILER_APPICON_NAME = AppIcon;
				ASSETCATALOG_COMPILER_GLOBAL_ACCENT_COLOR_NAME = AccentColor;
				CODE_SIGN_STYLE = Automatic;
				CURRENT_PROJECT_VERSION = 1;
				DEVELOPMENT_TEAM = X83DNU4CLM;
				GENERATE_INFOPLIST_FILE = YES;
				INFOPLIST_FILE = FollowersGitHubiOS/Info.plist;
				INFOPLIST_KEY_UIApplicationSupportsIndirectInputEvents = YES;
				INFOPLIST_KEY_UILaunchStoryboardName = LaunchScreen;
				INFOPLIST_KEY_UISupportedInterfaceOrientations_iPad = "UIInterfaceOrientationPortrait UIInterfaceOrientationPortraitUpsideDown UIInterfaceOrientationLandscapeLeft UIInterfaceOrientationLandscapeRight";
				INFOPLIST_KEY_UISupportedInterfaceOrientations_iPhone = "UIInterfaceOrientationPortrait UIInterfaceOrientationLandscapeLeft UIInterfaceOrientationLandscapeRight";
				LD_RUNPATH_SEARCH_PATHS = (
					"$(inherited)",
					"@executable_path/Frameworks",
				);
				MARKETING_VERSION = 1.0;
				PRODUCT_BUNDLE_IDENTIFIER = com.thiagosantos.FollowersGitHubiOS;
				PRODUCT_NAME = "$(TARGET_NAME)";
				SWIFT_EMIT_LOC_STRINGS = YES;
				SWIFT_VERSION = 5.0;
				TARGETED_DEVICE_FAMILY = 1;
			};
			name = Release;
		};
		75BA3DAA283BE5C8000BEC8E /* Debug */ = {
			isa = XCBuildConfiguration;
			baseConfigurationReference = 8B8651002419EB898DBF0CC9 /* Pods-FollowersGitHubiOSTests.debug.xcconfig */;
			buildSettings = {
				ALWAYS_EMBED_SWIFT_STANDARD_LIBRARIES = YES;
				BUNDLE_LOADER = "$(TEST_HOST)";
				CODE_SIGN_STYLE = Automatic;
				CURRENT_PROJECT_VERSION = 1;
				DEVELOPMENT_TEAM = X83DNU4CLM;
				GENERATE_INFOPLIST_FILE = YES;
				IPHONEOS_DEPLOYMENT_TARGET = 15.2;
				MARKETING_VERSION = 1.0;
				PRODUCT_BUNDLE_IDENTIFIER = com.thiagosantos.FollowersGitHubiOSTests;
				PRODUCT_NAME = "$(TARGET_NAME)";
				SWIFT_EMIT_LOC_STRINGS = NO;
				SWIFT_VERSION = 5.0;
				TARGETED_DEVICE_FAMILY = "1,2";
				TEST_HOST = "$(BUILT_PRODUCTS_DIR)/FollowersGitHubiOS.app/FollowersGitHubiOS";
			};
			name = Debug;
		};
		75BA3DAB283BE5C8000BEC8E /* Release */ = {
			isa = XCBuildConfiguration;
			baseConfigurationReference = A65CA737B762D8085FFF4AD4 /* Pods-FollowersGitHubiOSTests.release.xcconfig */;
			buildSettings = {
				ALWAYS_EMBED_SWIFT_STANDARD_LIBRARIES = YES;
				BUNDLE_LOADER = "$(TEST_HOST)";
				CODE_SIGN_STYLE = Automatic;
				CURRENT_PROJECT_VERSION = 1;
				DEVELOPMENT_TEAM = X83DNU4CLM;
				GENERATE_INFOPLIST_FILE = YES;
				IPHONEOS_DEPLOYMENT_TARGET = 15.2;
				MARKETING_VERSION = 1.0;
				PRODUCT_BUNDLE_IDENTIFIER = com.thiagosantos.FollowersGitHubiOSTests;
				PRODUCT_NAME = "$(TARGET_NAME)";
				SWIFT_EMIT_LOC_STRINGS = NO;
				SWIFT_VERSION = 5.0;
				TARGETED_DEVICE_FAMILY = "1,2";
				TEST_HOST = "$(BUILT_PRODUCTS_DIR)/FollowersGitHubiOS.app/FollowersGitHubiOS";
			};
			name = Release;
		};
/* End XCBuildConfiguration section */

/* Begin XCConfigurationList section */
		75BA3D77283BE5C6000BEC8E /* Build configuration list for PBXProject "FollowersGitHubiOS" */ = {
			isa = XCConfigurationList;
			buildConfigurations = (
				75BA3DA4283BE5C8000BEC8E /* Debug */,
				75BA3DA5283BE5C8000BEC8E /* Release */,
			);
			defaultConfigurationIsVisible = 0;
			defaultConfigurationName = Release;
		};
		75BA3DA6283BE5C8000BEC8E /* Build configuration list for PBXNativeTarget "FollowersGitHubiOS" */ = {
			isa = XCConfigurationList;
			buildConfigurations = (
				75BA3DA7283BE5C8000BEC8E /* Debug */,
				75BA3DA8283BE5C8000BEC8E /* Release */,
			);
			defaultConfigurationIsVisible = 0;
			defaultConfigurationName = Release;
		};
		75BA3DA9283BE5C8000BEC8E /* Build configuration list for PBXNativeTarget "FollowersGitHubiOSTests" */ = {
			isa = XCConfigurationList;
			buildConfigurations = (
				75BA3DAA283BE5C8000BEC8E /* Debug */,
				75BA3DAB283BE5C8000BEC8E /* Release */,
			);
			defaultConfigurationIsVisible = 0;
			defaultConfigurationName = Release;
		};
/* End XCConfigurationList section */
	};
	rootObject = 75BA3D74283BE5C6000BEC8E /* Project object */;
}
